schema: '2.0'
stages:
  data_cleaning:
    cmd: python src/data/data_cleaning.py
    deps:
    - path: data/raw/swiggy.csv
      hash: md5
      md5: 55bd6cc42f2360b5de9569cf9cbd8342
      size: 7726618
    - path: src/data/data_cleaning.py
      hash: md5
      md5: 2a128a41bd1c13364ee17190551389ca
      size: 9132
    outs:
    - path: data/cleaned/swiggy_cleaned.csv
      hash: md5
      md5: 4918716e52fc57babdcd400dfb3c3f29
      size: 4508527
  data_preparation:
    cmd: python src/data/data_preparation.py
    deps:
    - path: data/cleaned/swiggy_cleaned.csv
      hash: md5
      md5: 4918716e52fc57babdcd400dfb3c3f29
      size: 4508527
    - path: params.yaml
      hash: md5
      md5: f20dc6eb94eb995e3f1d15b71169cb6a
      size: 552
    - path: src/data/data_preparation.py
      hash: md5
      md5: 2f04e2e6195caf4f65e2ebec67011dac
      size: 2500
    outs:
    - path: data/interim/test.csv
      hash: md5
      md5: e17e82f6e38f0a4a384bfe008be42ba2
      size: 1126527
    - path: data/interim/train.csv
      hash: md5
      md5: c947bf174a89cccd1c8ec92dfab7ea14
      size: 3379042
  data_preprocessing:
    cmd: python src/features/data_preprocessing.py
    deps:
    - path: data/interim/test.csv
      hash: md5
      md5: e17e82f6e38f0a4a384bfe008be42ba2
      size: 1126527
    - path: data/interim/train.csv
      hash: md5
      md5: c947bf174a89cccd1c8ec92dfab7ea14
      size: 3379042
    - path: src/features/data_preprocessing.py
      hash: md5
      md5: 3e3865e724b1c70abfabc2f34efda1e6
      size: 6890
    outs:
    - path: data/processed/test_trans.csv
      hash: md5
      md5: 6a7f129b63c05b9922c237e6ae702b26
      size: 1358276
    - path: data/processed/train_trans.csv
      hash: md5
      md5: 607d3fb5ca7957bc02695329fe4322bd
      size: 4060457
    - path: models/preprocessor.joblib
      hash: md5
      md5: 5dbad3c117f1112985c66e1659ed0747
      size: 7243
  model_training:
    cmd: python src/models/train.py
    deps:
    - path: data/processed/train_trans.csv
      hash: md5
      md5: 607d3fb5ca7957bc02695329fe4322bd
      size: 4060457
    - path: src/models/train.py
      hash: md5
      md5: 75bd876db298538d9c0ca81908d1c9d0
      size: 5008
    outs:
    - path: models/model.joblib
      hash: md5
      md5: dd68e360881874063b42bfd4a472d652
      size: 148606136
    - path: models/power_transformer.joblib
      hash: md5
      md5: beffe6d73ec545f56708489a3c3a604e
      size: 837
    - path: models/stacking_regressor.joblib
      hash: md5
      md5: 6729e1a9ca4d26036e57e55698195eb9
      size: 148594554
  model_evaluation:
    cmd: python src/models/model_evaluation.py
    deps:
    - path: data/processed/test_trans.csv
      hash: md5
      md5: 6a7f129b63c05b9922c237e6ae702b26
      size: 1358276
    - path: data/processed/train_trans.csv
      hash: md5
      md5: 607d3fb5ca7957bc02695329fe4322bd
      size: 4060457
    - path: models/model.joblib
      hash: md5
      md5: dd68e360881874063b42bfd4a472d652
      size: 148606136
    - path: src/models/model_evaluation.py
      hash: md5
      md5: 7b202b02c2145312464e914e6b776818
      size: 6057
    outs:
    - path: run_information.json
      hash: md5
      md5: e381b10faeb4ba1029284e3bf919e955
      size: 220
  model_registration:
    cmd: python src/models/register_model.py
    deps:
    - path: run_information.json
      hash: md5
      md5: e381b10faeb4ba1029284e3bf919e955
      size: 220
    - path: src/models/register_model.py
      hash: md5
      md5: 3e5be8744343667b60ee902bd89caaf0
      size: 2088
